
Microsoft Visual Studio Solution File, Format Version 12.00
# Visual Studio 15
VisualStudioVersion = 15.0.27428.2015
MinimumVisualStudioVersion = 10.0.40219.1
Project("{FAE04EC0-301F-11D3-BF4B-00C04F79EFBC}") = "EmulatorOfSensors.ServerConsole", "EmulatorOfSensors.ServerConsole\EmulatorOfSensors.ServerConsole.csproj", "{613DB169-551B-4D73-922C-77A1FC718AD1}"
EndProject
Project("{FAE04EC0-301F-11D3-BF4B-00C04F79EFBC}") = "EmulatorOfSensors.ClientConsole", "EmulatorOfSensors.ClientConsole\EmulatorOfSensors.ClientConsole.csproj", "{60286ADD-24A7-44BD-8C06-96387ECDCC62}"
EndProject
Project("{FAE04EC0-301F-11D3-BF4B-00C04F79EFBC}") = "EmulatorOfSensors.Server", "EmulatorOfSensors.Server\EmulatorOfSensors.Server.csproj", "{C1C9C3B3-16F7-4F61-B928-15C2542C1464}"
EndProject
Project("{FAE04EC0-301F-11D3-BF4B-00C04F79EFBC}") = "EmulatorOfSensors.Helpers", "EmulatorOfSensors.Helpers\EmulatorOfSensors.Helpers.csproj", "{525675F1-1AD1-45D3-B6A9-FC1585039226}"
EndProject
Project("{FAE04EC0-301F-11D3-BF4B-00C04F79EFBC}") = "EmulatorOfSensors.Client.Sensors", "EmulatorOfSensors.Client.Sensors\EmulatorOfSensors.Client.Sensors.csproj", "{0B8AC905-3E6B-4BA2-84A6-F945F9374BEC}"
EndProject
Project("{FAE04EC0-301F-11D3-BF4B-00C04F79EFBC}") = "EmulatorOfSensors.Client.Interfaces", "EmulatorOfSensors.Client.Interfaces\EmulatorOfSensors.Client.Interfaces.csproj", "{4D21FFFF-8784-40C0-B353-93C27162233B}"
EndProject
Project("{FAE04EC0-301F-11D3-BF4B-00C04F79EFBC}") = "EmulatorOfSensors.Server.Interfaces", "EmulatorOfSensors.Server.Interfaces\EmulatorOfSensors.Server.Interfaces.csproj", "{F6D66791-2D14-4384-A673-8A242ECACEB0}"
EndProject
Global
	GlobalSection(SolutionConfigurationPlatforms) = preSolution
		Debug|Any CPU = Debug|Any CPU
		Release|Any CPU = Release|Any CPU
	EndGlobalSection
	GlobalSection(ProjectConfigurationPlatforms) = postSolution
		{613DB169-551B-4D73-922C-77A1FC718AD1}.Debug|Any CPU.ActiveCfg = Debug|Any CPU
		{613DB169-551B-4D73-922C-77A1FC718AD1}.Debug|Any CPU.Build.0 = Debug|Any CPU
		{613DB169-551B-4D73-922C-77A1FC718AD1}.Release|Any CPU.ActiveCfg = Release|Any CPU
		{613DB169-551B-4D73-922C-77A1FC718AD1}.Release|Any CPU.Build.0 = Release|Any CPU
		{60286ADD-24A7-44BD-8C06-96387ECDCC62}.Debug|Any CPU.ActiveCfg = Debug|Any CPU
		{60286ADD-24A7-44BD-8C06-96387ECDCC62}.Debug|Any CPU.Build.0 = Debug|Any CPU
		{60286ADD-24A7-44BD-8C06-96387ECDCC62}.Release|Any CPU.ActiveCfg = Release|Any CPU
		{60286ADD-24A7-44BD-8C06-96387ECDCC62}.Release|Any CPU.Build.0 = Release|Any CPU
		{C1C9C3B3-16F7-4F61-B928-15C2542C1464}.Debug|Any CPU.ActiveCfg = Debug|Any CPU
		{C1C9C3B3-16F7-4F61-B928-15C2542C1464}.Debug|Any CPU.Build.0 = Debug|Any CPU
		{C1C9C3B3-16F7-4F61-B928-15C2542C1464}.Release|Any CPU.ActiveCfg = Release|Any CPU
		{C1C9C3B3-16F7-4F61-B928-15C2542C1464}.Release|Any CPU.Build.0 = Release|Any CPU
		{525675F1-1AD1-45D3-B6A9-FC1585039226}.Debug|Any CPU.ActiveCfg = Debug|Any CPU
		{525675F1-1AD1-45D3-B6A9-FC1585039226}.Debug|Any CPU.Build.0 = Debug|Any CPU
		{525675F1-1AD1-45D3-B6A9-FC1585039226}.Release|Any CPU.ActiveCfg = Release|Any CPU
		{525675F1-1AD1-45D3-B6A9-FC1585039226}.Release|Any CPU.Build.0 = Release|Any CPU
		{0B8AC905-3E6B-4BA2-84A6-F945F9374BEC}.Debug|Any CPU.ActiveCfg = Debug|Any CPU
		{0B8AC905-3E6B-4BA2-84A6-F945F9374BEC}.Debug|Any CPU.Build.0 = Debug|Any CPU
		{0B8AC905-3E6B-4BA2-84A6-F945F9374BEC}.Release|Any CPU.ActiveCfg = Release|Any CPU
		{0B8AC905-3E6B-4BA2-84A6-F945F9374BEC}.Release|Any CPU.Build.0 = Release|Any CPU
		{4D21FFFF-8784-40C0-B353-93C27162233B}.Debug|Any CPU.ActiveCfg = Debug|Any CPU
		{4D21FFFF-8784-40C0-B353-93C27162233B}.Debug|Any CPU.Build.0 = Debug|Any CPU
		{4D21FFFF-8784-40C0-B353-93C27162233B}.Release|Any CPU.ActiveCfg = Release|Any CPU
		{4D21FFFF-8784-40C0-B353-93C27162233B}.Release|Any CPU.Build.0 = Release|Any CPU
		{F6D66791-2D14-4384-A673-8A242ECACEB0}.Debug|Any CPU.ActiveCfg = Debug|Any CPU
		{F6D66791-2D14-4384-A673-8A242ECACEB0}.Debug|Any CPU.Build.0 = Debug|Any CPU
		{F6D66791-2D14-4384-A673-8A242ECACEB0}.Release|Any CPU.ActiveCfg = Release|Any CPU
		{F6D66791-2D14-4384-A673-8A242ECACEB0}.Release|Any CPU.Build.0 = Release|Any CPU
	EndGlobalSection
	GlobalSection(SolutionProperties) = preSolution
		HideSolutionNode = FALSE
	EndGlobalSection
	GlobalSection(ExtensibilityGlobals) = postSolution
		SolutionGuid = {DB7DB685-A402-4A0E-8BAC-F9DEACDAF382}
	EndGlobalSection
EndGlobal
